
Microsoft Visual Studio Solution File, Format Version 12.00
# Visual Studio 15
Project("{FAE04EC0-301F-11D3-BF4B-00C04F79EFBC}") = "Unity.Timeline", "Unity.Timeline.csproj", "{BD9775D0-E9EA-8630-CD66-96B432ADD356}"
EndProject
Project("{FAE04EC0-301F-11D3-BF4B-00C04F79EFBC}") = "Unity.PlasticSCM.Editor", "Unity.PlasticSCM.Editor.csproj", "{23F71BD0-55B3-F4E6-AE59-F4FCA9DF838A}"
EndProject
Project("{FAE04EC0-301F-11D3-BF4B-00C04F79EFBC}") = "Unity.InputSystem", "Unity.InputSystem.csproj", "{01A529D0-CE33-8840-0E6C-996DABB5703A}"
EndProject
Project("{FAE04EC0-301F-11D3-BF4B-00C04F79EFBC}") = "Unity.VisualScripting.Flow", "Unity.VisualScripting.Flow.csproj", "{BE155313-B0A7-07C2-BC04-F1A54992DF09}"
EndProject
Project("{FAE04EC0-301F-11D3-BF4B-00C04F79EFBC}") = "Unity.Timeline.Editor", "Unity.Timeline.Editor.csproj", "{F2733116-FF34-91DB-1BA0-F1D43791D247}"
EndProject
Project("{FAE04EC0-301F-11D3-BF4B-00C04F79EFBC}") = "Unity.Multiplayer.Center.Editor", "Unity.Multiplayer.Center.Editor.csproj", "{A2BE0D31-C5EB-DD67-7D3A-ACBE4C7D4810}"
EndProject
Project("{FAE04EC0-301F-11D3-BF4B-00C04F79EFBC}") = "Unity.VisualScripting.Core.Editor", "Unity.VisualScripting.Core.Editor.csproj", "{35703061-D117-F09B-FD52-E92CB8C7EA70}"
EndProject
Project("{FAE04EC0-301F-11D3-BF4B-00C04F79EFBC}") = "UnityEngine.UI", "UnityEngine.UI.csproj", "{1FFD9F49-60B9-463F-BE0B-B67E0887C084}"
EndProject
Project("{FAE04EC0-301F-11D3-BF4B-00C04F79EFBC}") = "UnityEditor.TestRunner", "UnityEditor.TestRunner.csproj", "{06EF4819-06A1-DF47-511B-3D085B429F80}"
EndProject
Project("{FAE04EC0-301F-11D3-BF4B-00C04F79EFBC}") = "UnityEngine.TestRunner", "UnityEngine.TestRunner.csproj", "{43D44615-E135-4225-B7B1-F003583F2CB4}"
EndProject
Project("{FAE04EC0-301F-11D3-BF4B-00C04F79EFBC}") = "Unity.VisualScripting.Core", "Unity.VisualScripting.Core.csproj", "{67627E0B-A84F-60CF-C8DC-CB4F786ECB6D}"
EndProject
Project("{FAE04EC0-301F-11D3-BF4B-00C04F79EFBC}") = "Unity.VisualScripting.Flow.Editor", "Unity.VisualScripting.Flow.Editor.csproj", "{95F85A4D-4EA6-D1DA-2830-D5063C06AFE8}"
EndProject
Project("{FAE04EC0-301F-11D3-BF4B-00C04F79EFBC}") = "Unity.VisualStudio.Editor", "Unity.VisualStudio.Editor.csproj", "{3A4CCE9C-09F6-5FD0-74F6-B5FD9F847AA4}"
EndProject
Project("{FAE04EC0-301F-11D3-BF4B-00C04F79EFBC}") = "Unity.TextMeshPro.Editor", "Unity.TextMeshPro.Editor.csproj", "{33D9B305-A019-E976-AF96-8BEFE51E4271}"
EndProject
Project("{FAE04EC0-301F-11D3-BF4B-00C04F79EFBC}") = "Unity.TestTools.CodeCoverage.Editor.OpenCover.Model", "Unity.TestTools.CodeCoverage.Editor.OpenCover.Model.csproj", "{88E2131E-E36F-E7C9-56FD-E1AB82E13D95}"
EndProject
Project("{FAE04EC0-301F-11D3-BF4B-00C04F79EFBC}") = "Unity.Rider.Editor", "Unity.Rider.Editor.csproj", "{A6911ADD-252F-C628-72A2-A4E0EC226021}"
EndProject
Project("{FAE04EC0-301F-11D3-BF4B-00C04F79EFBC}") = "Unity.CollabProxy.Editor", "Unity.CollabProxy.Editor.csproj", "{73D98DEF-C2E4-3515-EB09-5CD6CD4FA7BB}"
EndProject
Project("{FAE04EC0-301F-11D3-BF4B-00C04F79EFBC}") = "Unity.VisualScripting.State.Editor", "Unity.VisualScripting.State.Editor.csproj", "{23C3980F-92B5-EA53-FA42-CCA8269A62C2}"
EndProject
Project("{FAE04EC0-301F-11D3-BF4B-00C04F79EFBC}") = "Unity.TestTools.CodeCoverage.Editor", "Unity.TestTools.CodeCoverage.Editor.csproj", "{68DD5BFF-3BF3-B62B-05B1-B33FC630805A}"
EndProject
Project("{FAE04EC0-301F-11D3-BF4B-00C04F79EFBC}") = "Unity.VisualScripting.State", "Unity.VisualScripting.State.csproj", "{B4F4DD6E-6377-9AD3-B4D5-913BCEE938CD}"
EndProject
Project("{FAE04EC0-301F-11D3-BF4B-00C04F79EFBC}") = "Unity.Performance.Profile-Analyzer.Editor", "Unity.Performance.Profile-Analyzer.Editor.csproj", "{616EA2EA-282D-03E8-D9AF-CD1EF9ED8DF4}"
EndProject
Project("{FAE04EC0-301F-11D3-BF4B-00C04F79EFBC}") = "UnityEditor.UI", "UnityEditor.UI.csproj", "{20568FD9-5307-4D85-D656-418A5326EBF8}"
EndProject
Project("{FAE04EC0-301F-11D3-BF4B-00C04F79EFBC}") = "Unity.TextMeshPro", "Unity.TextMeshPro.csproj", "{6548BC90-6464-A509-8E33-8D1F8F964C47}"
EndProject
Project("{FAE04EC0-301F-11D3-BF4B-00C04F79EFBC}") = "Unity.VisualScripting.SettingsProvider.Editor", "Unity.VisualScripting.SettingsProvider.Editor.csproj", "{F1AF1AEB-A08B-873B-DA53-60CECEF9091C}"
EndProject
Project("{FAE04EC0-301F-11D3-BF4B-00C04F79EFBC}") = "Unity.Toolchain.Linux-x86_64", "Unity.Toolchain.Linux-x86_64.csproj", "{757B6A44-BCB5-2019-33BE-AD15CA444532}"
EndProject
Project("{FAE04EC0-301F-11D3-BF4B-00C04F79EFBC}") = "Unity.TestTools.CodeCoverage.Editor.OpenCover.Mono.Reflection", "Unity.TestTools.CodeCoverage.Editor.OpenCover.Mono.Reflection.csproj", "{BD071BD5-6DA4-63FA-E299-B632DE4EAEE7}"
EndProject
Project("{FAE04EC0-301F-11D3-BF4B-00C04F79EFBC}") = "Unity.Sysroot.Linux_x86_64", "Unity.Sysroot.Linux_x86_64.csproj", "{F7425646-5706-FD96-3C2D-4705CB1659E5}"
EndProject
Project("{FAE04EC0-301F-11D3-BF4B-00C04F79EFBC}") = "Unity.Settings.Editor", "Unity.Settings.Editor.csproj", "{48D730D8-B67C-3DB3-DC78-A95484C66715}"
EndProject
Project("{FAE04EC0-301F-11D3-BF4B-00C04F79EFBC}") = "Unity.InputSystem.DocCodeSamples", "Unity.InputSystem.DocCodeSamples.csproj", "{F6129E40-6C2B-6EAE-4050-8ACDE08763BD}"
EndProject
Project("{FAE04EC0-301F-11D3-BF4B-00C04F79EFBC}") = "Unity.Multiplayer.Center.Common", "Unity.Multiplayer.Center.Common.csproj", "{4723D9B6-A943-3970-507E-9FB845000E9F}"
EndProject
Project("{FAE04EC0-301F-11D3-BF4B-00C04F79EFBC}") = "Unity.InputSystem.ForUI", "Unity.InputSystem.ForUI.csproj", "{F6F572AF-DE49-0471-86E7-E52F018F0A67}"
EndProject
Project("{FAE04EC0-301F-11D3-BF4B-00C04F79EFBC}") = "Unity.InputSystem.TestFramework", "Unity.InputSystem.TestFramework.csproj", "{41C80759-D038-BCC4-21A0-3B204F6DB193}"
EndProject
Project("{FAE04EC0-301F-11D3-BF4B-00C04F79EFBC}") = "Unity.SysrootPackage.Editor", "Unity.SysrootPackage.Editor.csproj", "{E72F9F14-93E2-F1AB-6529-DD81081F5BA7}"
EndProject
Project("{FAE04EC0-301F-11D3-BF4B-00C04F79EFBC}") = "Unity.VisualScripting.Shared.Editor", "Unity.VisualScripting.Shared.Editor.csproj", "{CAA1C3FA-3F26-CB27-E6B5-1F01676052AE}"
EndProject
Project("{FAE04EC0-301F-11D3-BF4B-00C04F79EFBC}") = "Unity.EditorCoroutines.Editor", "Unity.EditorCoroutines.Editor.csproj", "{D9927DB2-CEA6-0D4E-5FA5-5FE20FD61EA5}"
EndProject
Project("{FAE04EC0-301F-11D3-BF4B-00C04F79EFBC}") = "Unity.PlasticSCM.Editor.Entities", "Unity.PlasticSCM.Editor.Entities.csproj", "{9EE76AFD-6F05-60A0-89C7-617BBA9E3525}"
EndProject
Global
	GlobalSection(SolutionConfigurationPlatforms) = preSolution
		Debug|Any CPU = Debug|Any CPU
		Release|Any CPU = Release|Any CPU
	EndGlobalSection
	GlobalSection(ProjectConfigurationPlatforms) = postSolution
		{BD9775D0-E9EA-8630-CD66-96B432ADD356}.Debug|Any CPU.ActiveCfg = Debug|Any CPU
		{BD9775D0-E9EA-8630-CD66-96B432ADD356}.Debug|Any CPU.Build.0 = Debug|Any CPU
		{BD9775D0-E9EA-8630-CD66-96B432ADD356}.Release|Any CPU.ActiveCfg = Release|Any CPU
		{BD9775D0-E9EA-8630-CD66-96B432ADD356}.Release|Any CPU.Build.0 = Release|Any CPU
		{23F71BD0-55B3-F4E6-AE59-F4FCA9DF838A}.Debug|Any CPU.ActiveCfg = Debug|Any CPU
		{23F71BD0-55B3-F4E6-AE59-F4FCA9DF838A}.Debug|Any CPU.Build.0 = Debug|Any CPU
		{23F71BD0-55B3-F4E6-AE59-F4FCA9DF838A}.Release|Any CPU.ActiveCfg = Release|Any CPU
		{23F71BD0-55B3-F4E6-AE59-F4FCA9DF838A}.Release|Any CPU.Build.0 = Release|Any CPU
		{01A529D0-CE33-8840-0E6C-996DABB5703A}.Debug|Any CPU.ActiveCfg = Debug|Any CPU
		{01A529D0-CE33-8840-0E6C-996DABB5703A}.Debug|Any CPU.Build.0 = Debug|Any CPU
		{01A529D0-CE33-8840-0E6C-996DABB5703A}.Release|Any CPU.ActiveCfg = Release|Any CPU
		{01A529D0-CE33-8840-0E6C-996DABB5703A}.Release|Any CPU.Build.0 = Release|Any CPU
		{BE155313-B0A7-07C2-BC04-F1A54992DF09}.Debug|Any CPU.ActiveCfg = Debug|Any CPU
		{BE155313-B0A7-07C2-BC04-F1A54992DF09}.Debug|Any CPU.Build.0 = Debug|Any CPU
		{BE155313-B0A7-07C2-BC04-F1A54992DF09}.Release|Any CPU.ActiveCfg = Release|Any CPU
		{BE155313-B0A7-07C2-BC04-F1A54992DF09}.Release|Any CPU.Build.0 = Release|Any CPU
		{F2733116-FF34-91DB-1BA0-F1D43791D247}.Debug|Any CPU.ActiveCfg = Debug|Any CPU
		{F2733116-FF34-91DB-1BA0-F1D43791D247}.Debug|Any CPU.Build.0 = Debug|Any CPU
		{F2733116-FF34-91DB-1BA0-F1D43791D247}.Release|Any CPU.ActiveCfg = Release|Any CPU
		{F2733116-FF34-91DB-1BA0-F1D43791D247}.Release|Any CPU.Build.0 = Release|Any CPU
		{A2BE0D31-C5EB-DD67-7D3A-ACBE4C7D4810}.Debug|Any CPU.ActiveCfg = Debug|Any CPU
		{A2BE0D31-C5EB-DD67-7D3A-ACBE4C7D4810}.Debug|Any CPU.Build.0 = Debug|Any CPU
		{A2BE0D31-C5EB-DD67-7D3A-ACBE4C7D4810}.Release|Any CPU.ActiveCfg = Release|Any CPU
		{A2BE0D31-C5EB-DD67-7D3A-ACBE4C7D4810}.Release|Any CPU.Build.0 = Release|Any CPU
		{35703061-D117-F09B-FD52-E92CB8C7EA70}.Debug|Any CPU.ActiveCfg = Debug|Any CPU
		{35703061-D117-F09B-FD52-E92CB8C7EA70}.Debug|Any CPU.Build.0 = Debug|Any CPU
		{35703061-D117-F09B-FD52-E92CB8C7EA70}.Release|Any CPU.ActiveCfg = Release|Any CPU
		{35703061-D117-F09B-FD52-E92CB8C7EA70}.Release|Any CPU.Build.0 = Release|Any CPU
		{1FFD9F49-60B9-463F-BE0B-B67E0887C084}.Debug|Any CPU.ActiveCfg = Debug|Any CPU
		{1FFD9F49-60B9-463F-BE0B-B67E0887C084}.Debug|Any CPU.Build.0 = Debug|Any CPU
		{1FFD9F49-60B9-463F-BE0B-B67E0887C084}.Release|Any CPU.ActiveCfg = Release|Any CPU
		{1FFD9F49-60B9-463F-BE0B-B67E0887C084}.Release|Any CPU.Build.0 = Release|Any CPU
		{06EF4819-06A1-DF47-511B-3D085B429F80}.Debug|Any CPU.ActiveCfg = Debug|Any CPU
		{06EF4819-06A1-DF47-511B-3D085B429F80}.Debug|Any CPU.Build.0 = Debug|Any CPU
		{06EF4819-06A1-DF47-511B-3D085B429F80}.Release|Any CPU.ActiveCfg = Release|Any CPU
		{06EF4819-06A1-DF47-511B-3D085B429F80}.Release|Any CPU.Build.0 = Release|Any CPU
		{43D44615-E135-4225-B7B1-F003583F2CB4}.Debug|Any CPU.ActiveCfg = Debug|Any CPU
		{43D44615-E135-4225-B7B1-F003583F2CB4}.Debug|Any CPU.Build.0 = Debug|Any CPU
		{43D44615-E135-4225-B7B1-F003583F2CB4}.Release|Any CPU.ActiveCfg = Release|Any CPU
		{43D44615-E135-4225-B7B1-F003583F2CB4}.Release|Any CPU.Build.0 = Release|Any CPU
		{67627E0B-A84F-60CF-C8DC-CB4F786ECB6D}.Debug|Any CPU.ActiveCfg = Debug|Any CPU
		{67627E0B-A84F-60CF-C8DC-CB4F786ECB6D}.Debug|Any CPU.Build.0 = Debug|Any CPU
		{67627E0B-A84F-60CF-C8DC-CB4F786ECB6D}.Release|Any CPU.ActiveCfg = Release|Any CPU
		{67627E0B-A84F-60CF-C8DC-CB4F786ECB6D}.Release|Any CPU.Build.0 = Release|Any CPU
		{95F85A4D-4EA6-D1DA-2830-D5063C06AFE8}.Debug|Any CPU.ActiveCfg = Debug|Any CPU
		{95F85A4D-4EA6-D1DA-2830-D5063C06AFE8}.Debug|Any CPU.Build.0 = Debug|Any CPU
		{95F85A4D-4EA6-D1DA-2830-D5063C06AFE8}.Release|Any CPU.ActiveCfg = Release|Any CPU
		{95F85A4D-4EA6-D1DA-2830-D5063C06AFE8}.Release|Any CPU.Build.0 = Release|Any CPU
		{3A4CCE9C-09F6-5FD0-74F6-B5FD9F847AA4}.Debug|Any CPU.ActiveCfg = Debug|Any CPU
		{3A4CCE9C-09F6-5FD0-74F6-B5FD9F847AA4}.Debug|Any CPU.Build.0 = Debug|Any CPU
		{3A4CCE9C-09F6-5FD0-74F6-B5FD9F847AA4}.Release|Any CPU.ActiveCfg = Release|Any CPU
		{3A4CCE9C-09F6-5FD0-74F6-B5FD9F847AA4}.Release|Any CPU.Build.0 = Release|Any CPU
		{33D9B305-A019-E976-AF96-8BEFE51E4271}.Debug|Any CPU.ActiveCfg = Debug|Any CPU
		{33D9B305-A019-E976-AF96-8BEFE51E4271}.Debug|Any CPU.Build.0 = Debug|Any CPU
		{33D9B305-A019-E976-AF96-8BEFE51E4271}.Release|Any CPU.ActiveCfg = Release|Any CPU
		{33D9B305-A019-E976-AF96-8BEFE51E4271}.Release|Any CPU.Build.0 = Release|Any CPU
		{88E2131E-E36F-E7C9-56FD-E1AB82E13D95}.Debug|Any CPU.ActiveCfg = Debug|Any CPU
		{88E2131E-E36F-E7C9-56FD-E1AB82E13D95}.Debug|Any CPU.Build.0 = Debug|Any CPU
		{88E2131E-E36F-E7C9-56FD-E1AB82E13D95}.Release|Any CPU.ActiveCfg = Release|Any CPU
		{88E2131E-E36F-E7C9-56FD-E1AB82E13D95}.Release|Any CPU.Build.0 = Release|Any CPU
		{A6911ADD-252F-C628-72A2-A4E0EC226021}.Debug|Any CPU.ActiveCfg = Debug|Any CPU
		{A6911ADD-252F-C628-72A2-A4E0EC226021}.Debug|Any CPU.Build.0 = Debug|Any CPU
		{A6911ADD-252F-C628-72A2-A4E0EC226021}.Release|Any CPU.ActiveCfg = Release|Any CPU
		{A6911ADD-252F-C628-72A2-A4E0EC226021}.Release|Any CPU.Build.0 = Release|Any CPU
		{73D98DEF-C2E4-3515-EB09-5CD6CD4FA7BB}.Debug|Any CPU.ActiveCfg = Debug|Any CPU
		{73D98DEF-C2E4-3515-EB09-5CD6CD4FA7BB}.Debug|Any CPU.Build.0 = Debug|Any CPU
		{73D98DEF-C2E4-3515-EB09-5CD6CD4FA7BB}.Release|Any CPU.ActiveCfg = Release|Any CPU
		{73D98DEF-C2E4-3515-EB09-5CD6CD4FA7BB}.Release|Any CPU.Build.0 = Release|Any CPU
		{23C3980F-92B5-EA53-FA42-CCA8269A62C2}.Debug|Any CPU.ActiveCfg = Debug|Any CPU
		{23C3980F-92B5-EA53-FA42-CCA8269A62C2}.Debug|Any CPU.Build.0 = Debug|Any CPU
		{23C3980F-92B5-EA53-FA42-CCA8269A62C2}.Release|Any CPU.ActiveCfg = Release|Any CPU
		{23C3980F-92B5-EA53-FA42-CCA8269A62C2}.Release|Any CPU.Build.0 = Release|Any CPU
		{68DD5BFF-3BF3-B62B-05B1-B33FC630805A}.Debug|Any CPU.ActiveCfg = Debug|Any CPU
		{68DD5BFF-3BF3-B62B-05B1-B33FC630805A}.Debug|Any CPU.Build.0 = Debug|Any CPU
		{68DD5BFF-3BF3-B62B-05B1-B33FC630805A}.Release|Any CPU.ActiveCfg = Release|Any CPU
		{68DD5BFF-3BF3-B62B-05B1-B33FC630805A}.Release|Any CPU.Build.0 = Release|Any CPU
		{B4F4DD6E-6377-9AD3-B4D5-913BCEE938CD}.Debug|Any CPU.ActiveCfg = Debug|Any CPU
		{B4F4DD6E-6377-9AD3-B4D5-913BCEE938CD}.Debug|Any CPU.Build.0 = Debug|Any CPU
		{B4F4DD6E-6377-9AD3-B4D5-913BCEE938CD}.Release|Any CPU.ActiveCfg = Release|Any CPU
		{B4F4DD6E-6377-9AD3-B4D5-913BCEE938CD}.Release|Any CPU.Build.0 = Release|Any CPU
		{616EA2EA-282D-03E8-D9AF-CD1EF9ED8DF4}.Debug|Any CPU.ActiveCfg = Debug|Any CPU
		{616EA2EA-282D-03E8-D9AF-CD1EF9ED8DF4}.Debug|Any CPU.Build.0 = Debug|Any CPU
		{616EA2EA-282D-03E8-D9AF-CD1EF9ED8DF4}.Release|Any CPU.ActiveCfg = Release|Any CPU
		{616EA2EA-282D-03E8-D9AF-CD1EF9ED8DF4}.Release|Any CPU.Build.0 = Release|Any CPU
		{20568FD9-5307-4D85-D656-418A5326EBF8}.Debug|Any CPU.ActiveCfg = Debug|Any CPU
		{20568FD9-5307-4D85-D656-418A5326EBF8}.Debug|Any CPU.Build.0 = Debug|Any CPU
		{20568FD9-5307-4D85-D656-418A5326EBF8}.Release|Any CPU.ActiveCfg = Release|Any CPU
		{20568FD9-5307-4D85-D656-418A5326EBF8}.Release|Any CPU.Build.0 = Release|Any CPU
		{6548BC90-6464-A509-8E33-8D1F8F964C47}.Debug|Any CPU.ActiveCfg = Debug|Any CPU
		{6548BC90-6464-A509-8E33-8D1F8F964C47}.Debug|Any CPU.Build.0 = Debug|Any CPU
		{6548BC90-6464-A509-8E33-8D1F8F964C47}.Release|Any CPU.ActiveCfg = Release|Any CPU
		{6548BC90-6464-A509-8E33-8D1F8F964C47}.Release|Any CPU.Build.0 = Release|Any CPU
		{F1AF1AEB-A08B-873B-DA53-60CECEF9091C}.Debug|Any CPU.ActiveCfg = Debug|Any CPU
		{F1AF1AEB-A08B-873B-DA53-60CECEF9091C}.Debug|Any CPU.Build.0 = Debug|Any CPU
		{F1AF1AEB-A08B-873B-DA53-60CECEF9091C}.Release|Any CPU.ActiveCfg = Release|Any CPU
		{F1AF1AEB-A08B-873B-DA53-60CECEF9091C}.Release|Any CPU.Build.0 = Release|Any CPU
		{757B6A44-BCB5-2019-33BE-AD15CA444532}.Debug|Any CPU.ActiveCfg = Debug|Any CPU
		{757B6A44-BCB5-2019-33BE-AD15CA444532}.Debug|Any CPU.Build.0 = Debug|Any CPU
		{757B6A44-BCB5-2019-33BE-AD15CA444532}.Release|Any CPU.ActiveCfg = Release|Any CPU
		{757B6A44-BCB5-2019-33BE-AD15CA444532}.Release|Any CPU.Build.0 = Release|Any CPU
		{BD071BD5-6DA4-63FA-E299-B632DE4EAEE7}.Debug|Any CPU.ActiveCfg = Debug|Any CPU
		{BD071BD5-6DA4-63FA-E299-B632DE4EAEE7}.Debug|Any CPU.Build.0 = Debug|Any CPU
		{BD071BD5-6DA4-63FA-E299-B632DE4EAEE7}.Release|Any CPU.ActiveCfg = Release|Any CPU
		{BD071BD5-6DA4-63FA-E299-B632DE4EAEE7}.Release|Any CPU.Build.0 = Release|Any CPU
		{F7425646-5706-FD96-3C2D-4705CB1659E5}.Debug|Any CPU.ActiveCfg = Debug|Any CPU
		{F7425646-5706-FD96-3C2D-4705CB1659E5}.Debug|Any CPU.Build.0 = Debug|Any CPU
		{F7425646-5706-FD96-3C2D-4705CB1659E5}.Release|Any CPU.ActiveCfg = Release|Any CPU
		{F7425646-5706-FD96-3C2D-4705CB1659E5}.Release|Any CPU.Build.0 = Release|Any CPU
		{48D730D8-B67C-3DB3-DC78-A95484C66715}.Debug|Any CPU.ActiveCfg = Debug|Any CPU
		{48D730D8-B67C-3DB3-DC78-A95484C66715}.Debug|Any CPU.Build.0 = Debug|Any CPU
		{48D730D8-B67C-3DB3-DC78-A95484C66715}.Release|Any CPU.ActiveCfg = Release|Any CPU
		{48D730D8-B67C-3DB3-DC78-A95484C66715}.Release|Any CPU.Build.0 = Release|Any CPU
		{F6129E40-6C2B-6EAE-4050-8ACDE08763BD}.Debug|Any CPU.ActiveCfg = Debug|Any CPU
		{F6129E40-6C2B-6EAE-4050-8ACDE08763BD}.Debug|Any CPU.Build.0 = Debug|Any CPU
		{F6129E40-6C2B-6EAE-4050-8ACDE08763BD}.Release|Any CPU.ActiveCfg = Release|Any CPU
		{F6129E40-6C2B-6EAE-4050-8ACDE08763BD}.Release|Any CPU.Build.0 = Release|Any CPU
		{4723D9B6-A943-3970-507E-9FB845000E9F}.Debug|Any CPU.ActiveCfg = Debug|Any CPU
		{4723D9B6-A943-3970-507E-9FB845000E9F}.Debug|Any CPU.Build.0 = Debug|Any CPU
		{4723D9B6-A943-3970-507E-9FB845000E9F}.Release|Any CPU.ActiveCfg = Release|Any CPU
		{4723D9B6-A943-3970-507E-9FB845000E9F}.Release|Any CPU.Build.0 = Release|Any CPU
		{F6F572AF-DE49-0471-86E7-E52F018F0A67}.Debug|Any CPU.ActiveCfg = Debug|Any CPU
		{F6F572AF-DE49-0471-86E7-E52F018F0A67}.Debug|Any CPU.Build.0 = Debug|Any CPU
		{F6F572AF-DE49-0471-86E7-E52F018F0A67}.Release|Any CPU.ActiveCfg = Release|Any CPU
		{F6F572AF-DE49-0471-86E7-E52F018F0A67}.Release|Any CPU.Build.0 = Release|Any CPU
		{41C80759-D038-BCC4-21A0-3B204F6DB193}.Debug|Any CPU.ActiveCfg = Debug|Any CPU
		{41C80759-D038-BCC4-21A0-3B204F6DB193}.Debug|Any CPU.Build.0 = Debug|Any CPU
		{41C80759-D038-BCC4-21A0-3B204F6DB193}.Release|Any CPU.ActiveCfg = Release|Any CPU
		{41C80759-D038-BCC4-21A0-3B204F6DB193}.Release|Any CPU.Build.0 = Release|Any CPU
		{E72F9F14-93E2-F1AB-6529-DD81081F5BA7}.Debug|Any CPU.ActiveCfg = Debug|Any CPU
		{E72F9F14-93E2-F1AB-6529-DD81081F5BA7}.Debug|Any CPU.Build.0 = Debug|Any CPU
		{E72F9F14-93E2-F1AB-6529-DD81081F5BA7}.Release|Any CPU.ActiveCfg = Release|Any CPU
		{E72F9F14-93E2-F1AB-6529-DD81081F5BA7}.Release|Any CPU.Build.0 = Release|Any CPU
		{CAA1C3FA-3F26-CB27-E6B5-1F01676052AE}.Debug|Any CPU.ActiveCfg = Debug|Any CPU
		{CAA1C3FA-3F26-CB27-E6B5-1F01676052AE}.Debug|Any CPU.Build.0 = Debug|Any CPU
		{CAA1C3FA-3F26-CB27-E6B5-1F01676052AE}.Release|Any CPU.ActiveCfg = Release|Any CPU
		{CAA1C3FA-3F26-CB27-E6B5-1F01676052AE}.Release|Any CPU.Build.0 = Release|Any CPU
		{D9927DB2-CEA6-0D4E-5FA5-5FE20FD61EA5}.Debug|Any CPU.ActiveCfg = Debug|Any CPU
		{D9927DB2-CEA6-0D4E-5FA5-5FE20FD61EA5}.Debug|Any CPU.Build.0 = Debug|Any CPU
		{D9927DB2-CEA6-0D4E-5FA5-5FE20FD61EA5}.Release|Any CPU.ActiveCfg = Release|Any CPU
		{D9927DB2-CEA6-0D4E-5FA5-5FE20FD61EA5}.Release|Any CPU.Build.0 = Release|Any CPU
		{9EE76AFD-6F05-60A0-89C7-617BBA9E3525}.Debug|Any CPU.ActiveCfg = Debug|Any CPU
		{9EE76AFD-6F05-60A0-89C7-617BBA9E3525}.Debug|Any CPU.Build.0 = Debug|Any CPU
		{9EE76AFD-6F05-60A0-89C7-617BBA9E3525}.Release|Any CPU.ActiveCfg = Release|Any CPU
		{9EE76AFD-6F05-60A0-89C7-617BBA9E3525}.Release|Any CPU.Build.0 = Release|Any CPU
	EndGlobalSection
	GlobalSection(SolutionProperties) = preSolution
		HideSolutionNode = FALSE
	EndGlobalSection
EndGlobal
